// !$*UTF8*$!
{
	archiveVersion = 1;
	classes = {
	};
	objectVersion = 46;
	objects = {

/* Begin PBXBuildFile section */
		01B7DEC115D957A60073DB04 /* main.c in Sources */ = {isa = PBXBuildFile; fileRef = 01B7DEC015D957A60073DB04 /* main.c */; };
		01B7DEC315D957A60073DB04 /* Pointers_2.1 in CopyFiles */ = {isa = PBXBuildFile; fileRef = 01B7DEC215D957A60073DB04 /* Pointers_2.1 */; };
/* End PBXBuildFile section */

/* Begin PBXCopyFilesBuildPhase section */
		01B7DEBA15D957A50073DB04 /* CopyFiles */ = {
			isa = PBXCopyFilesBuildPhase;
			buildActionMask = 2147483647;
			dstPath = /usr/share/man/man1/;
			dstSubfolderSpec = 0;
			files = (
				01B7DEC315D957A60073DB04 /* Pointers_2.1 in CopyFiles */,
			);
			runOnlyForDeploymentPostprocessing = 1;
		};
/* End PBXCopyFilesBuildPhase section */

/* Begin PBXFileReference section */
		01B7DEBC15D957A50073DB04 /* Pointers-2 */ = {isa = PBXFileReference; explicitFileType = "compiled.mach-o.executable"; includeInIndex = 0; path = "Pointers-2"; sourceTree = BUILT_PRODUCTS_DIR; };
		01B7DEC015D957A60073DB04 /* main.c */ = {isa = PBXFileReference; lastKnownFileType = sourcecode.c.c; path = main.c; sourceTree = "<group>"; };
		01B7DEC215D957A60073DB04 /* Pointers_2.1 */ = {isa = PBXFileReference; lastKnownFileType = text.man; path = Pointers_2.1; sourceTree = "<group>"; };
/* End PBXFileReference section */

/* Begin PBXFrameworksBuildPhase section */
		01B7DEB915D957A50073DB04 /* Frameworks */ = {
			isa = PBXFrameworksBuildPhase;
			buildActionMask = 2147483647;
			files = (
			);
			runOnlyForDeploymentPostprocessing = 0;
		};
/* End PBXFrameworksBuildPhase section */

/* Begin PBXGroup section */
		01B7DEB115D957A50073DB04 = {
			isa = PBXGroup;
			children = (
				01B7DEBF15D957A50073DB04 /* Pointers-2 */,
				01B7DEBD15D957A50073DB04 /* Products */,
			);
			sourceTree = "<group>";
		};
		01B7DEBD15D957A50073DB04 /* Products */ = {
			isa = PBXGroup;
			children = (
				01B7DEBC15D957A50073DB04 /* Pointers-2 */,
			);
			name = Products;
			sourceTree = "<group>";
		};
		01B7DEBF15D957A50073DB04 /* Pointers-2 */ = {
			isa = PBXGroup;
			children = (
				01B7DEC015D957A60073DB04 /* main.c */,
				01B7DEC215D957A60073DB04 /* Pointers_2.1 */,
			);
			path = "Pointers-2";
			sourceTree = "<group>";
		};
/* End PBXGroup section */

/* Begin PBXNativeTarget section */
		01B7DEBB15D957A50073DB04 /* Pointers-2 */ = {
			isa = PBXNativeTarget;
			buildConfigurationList = 01B7DEC615D957A60073DB04 /* Build configuration list for PBXNativeTarget "Pointers-2" */;
			buildPhases = (
				01B7DEB815D957A50073DB04 /* Sources */,
				01B7DEB915D957A50073DB04 /* Frameworks */,
				01B7DEBA15D957A50073DB04 /* CopyFiles */,
			);
			buildRules = (
			);
			dependencies = (
			);
			name = "Pointers-2";
			productName = "Pointers-2";
			productReference = 01B7DEBC15D957A50073DB04 /* Pointers-2 */;
			productType = "com.apple.product-type.tool";
		};
/* End PBXNativeTarget section */

/* Begin PBXProject section */
		01B7DEB315D957A50073DB04 /* Project object */ = {
			isa = PBXProject;
			attributes = {
				LastUpgradeCheck = 0440;
				ORGANIZATIONNAME = "Kris Evans";
			};
			buildConfigurationList = 01B7DEB615D957A50073DB04 /* Build configuration list for PBXProject "Pointers-2" */;
			compatibilityVersion = "Xcode 3.2";
			developmentRegion = English;
			hasScannedForEncodings = 0;
			knownRegions = (
				en,
			);
			mainGroup = 01B7DEB115D957A50073DB04;
			productRefGroup = 01B7DEBD15D957A50073DB04 /* Products */;
			projectDirPath = "";
			projectRoot = "";
			targets = (
				01B7DEBB15D957A50073DB04 /* Pointers-2 */,
			);
		};
/* End PBXProject section */

/* Begin PBXSourcesBuildPhase section */
		01B7DEB815D957A50073DB04 /* Sources */ = {
			isa = PBXSourcesBuildPhase;
			buildActionMask = 2147483647;
			files = (
				01B7DEC115D957A60073DB04 /* main.c in Sources */,
			);
			runOnlyForDeploymentPostprocessing = 0;
		};
/* End PBXSourcesBuildPhase section */

/* Begin XCBuildConfiguration section */
		01B7DEC415D957A60073DB04 /* Debug */ = {
			isa = XCBuildConfiguration;
			buildSettings = {
				ALWAYS_SEARCH_USER_PATHS = NO;
				ARCHS = "$(ARCHS_STANDARD_64_BIT)";
				CLANG_CXX_LANGUAGE_STANDARD = "gnu++0x";
				CLANG_ENABLE_OBJC_ARC = YES;
				CLANG_WARN__DUPLICATE_METHOD_MATCH = YES;
				COPY_PHASE_STRIP = NO;
				GCC_C_LANGUAGE_STANDARD = gnu99;
				GCC_DYNAMIC_NO_PIC = NO;
				GCC_ENABLE_OBJC_EXCEPTIONS = YES;
				GCC_OPTIMIZATION_LEVEL = 0;
				GCC_PREPROCESSOR_DEFINITIONS = (
					"DEBUG=1",
					"$(inherited)",
				);
				GCC_SYMBOLS_PRIVATE_EXTERN = NO;
				GCC_WARN_64_TO_32_BIT_CONVERSION = YES;
				GCC_WARN_ABOUT_RETURN_TYPE = YES;
				GCC_WARN_UNINITIALIZED_AUTOS = YES;
				GCC_WARN_UNUSED_VARIABLE = YES;
				MACOSX_DEPLOYMENT_TARGET = 10.8;
				ONLY_ACTIVE_ARCH = YES;
				SDKROOT = macosx;
			};
			name = Debug;
		};
		01B7DEC515D957A60073DB04 /* Release */ = {
			isa = XCBuildConfiguration;
			buildSettings = {
				ALWAYS_SEARCH_USER_PATHS = NO;
				ARCHS = "$(ARCHS_STANDARD_64_BIT)";
				CLANG_CXX_LANGUAGE_STANDARD = "gnu++0x";
				CLANG_ENABLE_OBJC_ARC = YES;
				CLANG_WARN__DUPLICATE_METHOD_MATCH = YES;
				COPY_PHASE_STRIP = YES;
				DEBUG_INFORMATION_FORMAT = "dwarf-with-dsym";
				GCC_C_LANGUAGE_STANDARD = gnu99;
				GCC_ENABLE_OBJC_EXCEPTIONS = YES;
				GCC_WARN_64_TO_32_BIT_CONVERSION = YES;
				GCC_WARN_ABOUT_RETURN_TYPE = YES;
				GCC_WARN_UNINITIALIZED_AUTOS = YES;
				GCC_WARN_UNUSED_VARIABLE = YES;
				MACOSX_DEPLOYMENT_TARGET = 10.8;
				SDKROOT = macosx;
			};
			name = Release;
		};
		01B7DEC715D957A60073DB04 /* Debug */ = {
			isa = XCBuildConfiguration;
			buildSettings = {
				PRODUCT_NAME = "$(TARGET_NAME)";
			};
			name = Debug;
		};
		01B7DEC815D957A60073DB04 /* Release */ = {
			isa = XCBuildConfiguration;
			buildSettings = {
				PRODUCT_NAME = "$(TARGET_NAME)";
			};
			name = Release;
		};
/* End XCBuildConfiguration section */

/* Begin XCConfigurationList section */
		01B7DEB615D957A50073DB04 /* Build configuration list for PBXProject "Pointers-2" */ = {
			isa = XCConfigurationList;
			buildConfigurations = (
				01B7DEC415D957A60073DB04 /* Debug */,
				01B7DEC515D957A60073DB04 /* Release */,
			);
			defaultConfigurationIsVisible = 0;
			defaultConfigurationName = Release;
		};
		01B7DEC615D957A60073DB04 /* Build configuration list for PBXNativeTarget "Pointers-2" */ = {
			isa = XCConfigurationList;
			buildConfigurations = (
				01B7DEC715D957A60073DB04 /* Debug */,
				01B7DEC815D957A60073DB04 /* Release */,
			);
			defaultConfigurationIsVisible = 0;
		};
/* End XCConfigurationList section */
	};
	rootObject = 01B7DEB315D957A50073DB04 /* Project object */;
}
